
Microsoft Visual Studio Solution File, Format Version 12.00
# Visual Studio Version 17
VisualStudioVersion = 17.2.32526.322
MinimumVisualStudioVersion = 10.0.40219.1
Project("{9A19103F-16F7-4668-BE54-9A1E7A4F7556}") = "HorizonsData", "HorizonsData\HorizonsData.csproj", "{F532A77D-A10D-4753-AD99-AD4B57595510}"
EndProject
Project("{9A19103F-16F7-4668-BE54-9A1E7A4F7556}") = "HorizonsData.Tests", "HorizonsData.Tests\HorizonsData.Tests.csproj", "{A6143E22-F85B-44BE-B15F-31F0A3AB67F7}"
EndProject
Global
	GlobalSection(SolutionConfigurationPlatforms) = preSolution
		Debug|Any CPU = Debug|Any CPU
		Release|Any CPU = Release|Any CPU
	EndGlobalSection
	GlobalSection(ProjectConfigurationPlatforms) = postSolution
		{F532A77D-A10D-4753-AD99-AD4B57595510}.Debug|Any CPU.ActiveCfg = Debug|Any CPU
		{F532A77D-A10D-4753-AD99-AD4B57595510}.Debug|Any CPU.Build.0 = Debug|Any CPU
		{F532A77D-A10D-4753-AD99-AD4B57595510}.Release|Any CPU.ActiveCfg = Release|Any CPU
		{F532A77D-A10D-4753-AD99-AD4B57595510}.Release|Any CPU.Build.0 = Release|Any CPU
		{A6143E22-F85B-44BE-B15F-31F0A3AB67F7}.Debug|Any CPU.ActiveCfg = Debug|Any CPU
		{A6143E22-F85B-44BE-B15F-31F0A3AB67F7}.Debug|Any CPU.Build.0 = Debug|Any CPU
		{A6143E22-F85B-44BE-B15F-31F0A3AB67F7}.Release|Any CPU.ActiveCfg = Release|Any CPU
		{A6143E22-F85B-44BE-B15F-31F0A3AB67F7}.Release|Any CPU.Build.0 = Release|Any CPU
	EndGlobalSection
	GlobalSection(SolutionProperties) = preSolution
		HideSolutionNode = FALSE
	EndGlobalSection
	GlobalSection(ExtensibilityGlobals) = postSolution
		SolutionGuid = {0B66B167-80C8-4C85-8A24-8AB7BFC82AE1}
	EndGlobalSection
EndGlobal
